<?xml version="1.0" encoding="utf-8"?>
<Project ToolsVersion="4.0" xmlns="http://schemas.microsoft.com/developer/msbuild/2003">
  <ItemGroup>
    <Filter Include="Source Files">
      <UniqueIdentifier>{4FC737F1-C7A5-4376-A066-2A32D752A2FF}</UniqueIdentifier>
      <Extensions>cpp;c;cc;cxx;c++;cppm;ixx;def;odl;idl;hpj;bat;asm;asmx</Extensions>
    </Filter>
    <Filter Include="Header Files">
      <UniqueIdentifier>{93995380-89BD-4b04-88EB-625FBE52EBFB}</UniqueIdentifier>
      <Extensions>h;hh;hpp;hxx;h++;hm;inl;inc;ipp;xsd</Extensions>
    </Filter>
    <Filter Include="Resource Files">
      <UniqueIdentifier>{67DA6AB6-F800-4c08-8B7A-83BB121AAD01}</UniqueIdentifier>
      <Extensions>rc;ico;cur;bmp;dlg;rc2;rct;bin;rgs;gif;jpg;jpeg;jpe;resx;tiff;tif;png;wav;mfcribbon-ms</Extensions>
    </Filter>
  </ItemGroup>
  <ItemGroup>
    <ClCompile Include="src\dllmain.cpp">
      <Filter>Source Files</Filter>
    </ClCompile>
    <ClCompile Include="src\core\netvar.cpp">
      <Filter>Source Files</Filter>
    </ClCompile>
    <ClCompile Include="src\core\interfaces.cpp">
      <Filter>Source Files</Filter>
    </ClCompile>
    <ClCompile Include="src\core\hooks.cpp">
      <Filter>Source Files</Filter>
    </ClCompile>
    <ClCompile Include="ext\minhook\hde\hde32.c">
      <Filter>Source Files</Filter>
    </ClCompile>
    <ClCompile Include="ext\minhook\hde\hde64.c">
      <Filter>Source Files</Filter>
    </ClCompile>
    <ClCompile Include="ext\minhook\buffer.c">
      <Filter>Source Files</Filter>
    </ClCompile>
    <ClCompile Include="ext\minhook\hook.c">
      <Filter>Source Files</Filter>
    </ClCompile>
    <ClCompile Include="ext\minhook\trampoline.c">
      <Filter>Source Files</Filter>
    </ClCompile>
    <ClCompile Include="src\tools\hash.cpp">
      <Filter>Source Files</Filter>
    </ClCompile>
    <ClCompile Include="src\tools\memory.cpp">
      <Filter>Source Files</Filter>
    </ClCompile>
    <ClCompile Include="src\core\hooks\createmove.cpp">
      <Filter>Source Files</Filter>
    </ClCompile>
    <ClCompile Include="src\core\hooks\postscreeneffects.cpp">
      <Filter>Source Files</Filter>
    </ClCompile>
    <ClCompile Include="src\core\hooks\drawmodel.cpp">
      <Filter>Source Files</Filter>
    </ClCompile>
    <ClCompile Include="src\core\hacks\bunnyhop.cpp">
      <Filter>Source Files</Filter>
    </ClCompile>
    <ClCompile Include="src\core\hacks\triggerbot.cpp">
      <Filter>Source Files</Filter>
    </ClCompile>
  </ItemGroup>
  <ItemGroup>
    <ClInclude Include="src\core\interfaces.h">
      <Filter>Header Files</Filter>
    </ClInclude>
    <ClInclude Include="src\entity.h">
      <Filter>Header Files</Filter>
    </ClInclude>
    <ClInclude Include="src\csgo\datatable.h">
      <Filter>Header Files</Filter>
    </ClInclude>
    <ClInclude Include="src\tools\hash.h">
      <Filter>Header Files</Filter>
    </ClInclude>
    <ClInclude Include="src\core\netvar.h">
      <Filter>Header Files</Filter>
    </ClInclude>
    <ClInclude Include="src\geometry.h">
      <Filter>Header Files</Filter>
    </ClInclude>
    <ClInclude Include="src\core\hooks.h">
      <Filter>Header Files</Filter>
    </ClInclude>
    <ClInclude Include="src\core\globals.h">
      <Filter>Header Files</Filter>
    </ClInclude>
    <ClInclude Include="src\tools\memory.h">
      <Filter>Header Files</Filter>
    </ClInclude>
    <ClInclude Include="src\csgo\cusercmd.h">
      <Filter>Header Files</Filter>
    </ClInclude>
    <ClInclude Include="src\csgo\vector.h">
      <Filter>Header Files</Filter>
    </ClInclude>
    <ClInclude Include="src\csgo\interfaces\icliententitylist.h">
      <Filter>Header Files</Filter>
    </ClInclude>
    <ClInclude Include="src\csgo\interfaces\iengineclient.h">
      <Filter>Header Files</Filter>
    </ClInclude>
    <ClInclude Include="src\csgo\interfaces\ienginetraceclient.h">
      <Filter>Header Files</Filter>
    </ClInclude>
    <ClInclude Include="ext\minhook\hde\hde32.h">
      <Filter>Header Files</Filter>
    </ClInclude>
    <ClInclude Include="ext\minhook\hde\hde64.h">
      <Filter>Header Files</Filter>
    </ClInclude>
    <ClInclude Include="ext\minhook\hde\pstdint.h">
      <Filter>Header Files</Filter>
    </ClInclude>
    <ClInclude Include="ext\minhook\hde\table32.h">
      <Filter>Header Files</Filter>
    </ClInclude>
    <ClInclude Include="ext\minhook\hde\table64.h">
      <Filter>Header Files</Filter>
    </ClInclude>
    <ClInclude Include="ext\minhook\buffer.h">
      <Filter>Header Files</Filter>
    </ClInclude>
    <ClInclude Include="ext\minhook\MinHook.h">
      <Filter>Header Files</Filter>
    </ClInclude>
    <ClInclude Include="ext\minhook\trampoline.h">
      <Filter>Header Files</Filter>
    </ClInclude>
    <ClInclude Include="src\csgo\interfaces\iclient.h">
      <Filter>Header Files</Filter>
    </ClInclude>
    <ClInclude Include="src\csgo\entity\cplayerinfo.h">
      <Filter>Header Files</Filter>
    </ClInclude>
    <ClInclude Include="src\csgo\entity\cnetworkable.h">
      <Filter>Header Files</Filter>
    </ClInclude>
    <ClInclude Include="src\csgo\entity\cunknown.h">
      <Filter>Header Files</Filter>
    </ClInclude>
    <ClInclude Include="src\csgo\entity\handlentity.h">
      <Filter>Header Files</Filter>
    </ClInclude>
    <ClInclude Include="src\csgo\entity\cthinkable.h">
      <Filter>Header Files</Filter>
    </ClInclude>
    <ClInclude Include="src\csgo\entity\calphaproperty.h">
      <Filter>Header Files</Filter>
    </ClInclude>
    <ClInclude Include="src\csgo\entity\centity.h">
      <Filter>Header Files</Filter>
    </ClInclude>
    <ClInclude Include="src\csgo\entity\crenderable.h">
      <Filter>Header Files</Filter>
    </ClInclude>
    <ClInclude Include="src\csgo\matrix.h">
      <Filter>Header Files</Filter>
    </ClInclude>
    <ClInclude Include="src\csgo\sound.h">
      <Filter>Header Files</Filter>
    </ClInclude>
    <ClInclude Include="src\csgo\utlvector.h">
      <Filter>Header Files</Filter>
    </ClInclude>
    <ClInclude Include="src\csgo\entity\collideable.h">
      <Filter>Header Files</Filter>
    </ClInclude>
    <ClInclude Include="src\csgo\sdk.h">
      <Filter>Header Files</Filter>
    </ClInclude>
    <ClInclude Include="src\csgo\entity\cbaseentity.h">
      <Filter>Header Files</Filter>
    </ClInclude>
    <ClInclude Include="src\csgo\entity\cbaseanimating.h">
      <Filter>Header Files</Filter>
    </ClInclude>
    <ClInclude Include="src\csgo\entity\cbasebflex.h">
      <Filter>Header Files</Filter>
    </ClInclude>
    <ClInclude Include="src\csgo\entity\cbasecombatcharacter.h">
      <Filter>Header Files</Filter>
    </ClInclude>
    <ClInclude Include="src\csgo\entity\cbaseplayer.h">
      <Filter>Header Files</Filter>
    </ClInclude>
    <ClInclude Include="src\csgo\entity\ccsplayer.h">
      <Filter>Header Files</Filter>
    </ClInclude>
    <ClInclude Include="src\csgo\entity\csplayerresource.h">
      <Filter>Header Files</Filter>
    </ClInclude>
    <ClInclude Include="src\csgo\entity\cbasecombatweapon.h">
      <Filter>Header Files</Filter>
    </ClInclude>
    <ClInclude Include="src\csgo\entity\cbaseattributableitem.h">
      <Filter>Header Files</Filter>
    </ClInclude>
    <ClInclude Include="src\csgo\entity\cbaseviewmodel.h">
      <Filter>Header Files</Filter>
    </ClInclude>
    <ClInclude Include="src\csgo\entity\cbaseweaponworldmodel.h">
      <Filter>Header Files</Filter>
    </ClInclude>
    <ClInclude Include="src\csgo\interfaces\iclientmode.h">
      <Filter>Header Files</Filter>
    </ClInclude>
    <ClInclude Include="src\csgo\panel.h">
      <Filter>Header Files</Filter>
    </ClInclude>
    <ClInclude Include="src\csgo\entity\cweapondata.h">
      <Filter>Header Files</Filter>
    </ClInclude>
    <ClInclude Include="src\csgo\interfaces\iweaponsystem.h">
      <Filter>Header Files</Filter>
    </ClInclude>
    <ClInclude Include="src\csgo\interfaces\istudiorender.h">
      <Filter>Header Files</Filter>
    </ClInclude>
    <ClInclude Include="src\csgo\interfaces\imaterialsystem.h">
      <Filter>Header Files</Filter>
    </ClInclude>
    <ClInclude Include="src\csgo\interfaces\iglowmanager.h">
      <Filter>Header Files</Filter>
    </ClInclude>
    <ClInclude Include="src\csgo\entity\cclientclass.h">
      <Filter>Header Files</Filter>
    </ClInclude>
    <ClInclude Include="src\core\hacks.h">
      <Filter>Header Files</Filter>
    </ClInclude>
    <ClInclude Include="src\csgo\interfaces\iglobalvarsbase.h">
      <Filter>Header Files</Filter>
    </ClInclude>
  </ItemGroup>
  <ItemGroup>
    <Text Include="src\data.txt" />
  </ItemGroup>
</Project>